
Microsoft Visual Studio Solution File, Format Version 12.00
# Visual Studio Version 17
VisualStudioVersion = 17.14.35906.104
MinimumVisualStudioVersion = 10.0.40219.1
Project("{FAE04EC0-301F-11D3-BF4B-00C04F79EFBC}") = "Semana3", "Semana3\Semana3.csproj", "{CB50BBD1-1E72-40EF-87A0-F38FDBCC1238}"
EndProject
Project("{FAE04EC0-301F-11D3-BF4B-00C04F79EFBC}") = "Semana4", "Semana4\Semana4.csproj", "{0850709E-1081-4C76-A076-992F97DA6C47}"
EndProject
Project("{FAE04EC0-301F-11D3-BF4B-00C04F79EFBC}") = "Semana5", "Semana5\Semana5.csproj", "{36F9B192-5001-473E-A1AC-42F06015D07E}"
EndProject
Project("{FAE04EC0-301F-11D3-BF4B-00C04F79EFBC}") = "Semana06", "Semana06\Semana06.csproj", "{DEF880A9-C41D-4C06-B67A-25F67E7C1197}"
EndProject
Project("{FAE04EC0-301F-11D3-BF4B-00C04F79EFBC}") = "Semana07", "Semana07\Semana07.csproj", "{58EE975F-A6B1-4B13-A837-6B366870612E}"
EndProject
Project("{FAE04EC0-301F-11D3-BF4B-00C04F79EFBC}") = "Semana08", "Semana08\Semana08.csproj", "{E2C6EA50-1E0C-45C3-86E4-FE103436DF00}"
EndProject
Project("{FAE04EC0-301F-11D3-BF4B-00C04F79EFBC}") = "Semana8.5", "Semana8.5\Semana8.5.csproj", "{668184B2-0A5D-4F87-B575-C0958A66B5A0}"
EndProject
Project("{FAE04EC0-301F-11D3-BF4B-00C04F79EFBC}") = "Biblioteca", "Biblioteca\Biblioteca.csproj", "{A84D3E4E-463F-4D87-9D84-412C24BFF24B}"
EndProject
Project("{FAE04EC0-301F-11D3-BF4B-00C04F79EFBC}") = "Semana09", "Semana09\Semana09.csproj", "{C78FC3C7-E81C-4669-91F6-B46A2E7B9F0F}"
EndProject
Project("{FAE04EC0-301F-11D3-BF4B-00C04F79EFBC}") = "Semana10", "Semana10\Semana10.csproj", "{E340D709-A34E-4504-8672-CD64B7BFCD58}"
EndProject
Global
	GlobalSection(SolutionConfigurationPlatforms) = preSolution
		Debug|Any CPU = Debug|Any CPU
		Release|Any CPU = Release|Any CPU
	EndGlobalSection
	GlobalSection(ProjectConfigurationPlatforms) = postSolution
		{CB50BBD1-1E72-40EF-87A0-F38FDBCC1238}.Debug|Any CPU.ActiveCfg = Debug|Any CPU
		{CB50BBD1-1E72-40EF-87A0-F38FDBCC1238}.Debug|Any CPU.Build.0 = Debug|Any CPU
		{CB50BBD1-1E72-40EF-87A0-F38FDBCC1238}.Release|Any CPU.ActiveCfg = Release|Any CPU
		{CB50BBD1-1E72-40EF-87A0-F38FDBCC1238}.Release|Any CPU.Build.0 = Release|Any CPU
		{0850709E-1081-4C76-A076-992F97DA6C47}.Debug|Any CPU.ActiveCfg = Debug|Any CPU
		{0850709E-1081-4C76-A076-992F97DA6C47}.Debug|Any CPU.Build.0 = Debug|Any CPU
		{0850709E-1081-4C76-A076-992F97DA6C47}.Release|Any CPU.ActiveCfg = Release|Any CPU
		{0850709E-1081-4C76-A076-992F97DA6C47}.Release|Any CPU.Build.0 = Release|Any CPU
		{36F9B192-5001-473E-A1AC-42F06015D07E}.Debug|Any CPU.ActiveCfg = Debug|Any CPU
		{36F9B192-5001-473E-A1AC-42F06015D07E}.Debug|Any CPU.Build.0 = Debug|Any CPU
		{36F9B192-5001-473E-A1AC-42F06015D07E}.Release|Any CPU.ActiveCfg = Release|Any CPU
		{36F9B192-5001-473E-A1AC-42F06015D07E}.Release|Any CPU.Build.0 = Release|Any CPU
		{DEF880A9-C41D-4C06-B67A-25F67E7C1197}.Debug|Any CPU.ActiveCfg = Debug|Any CPU
		{DEF880A9-C41D-4C06-B67A-25F67E7C1197}.Debug|Any CPU.Build.0 = Debug|Any CPU
		{DEF880A9-C41D-4C06-B67A-25F67E7C1197}.Release|Any CPU.ActiveCfg = Release|Any CPU
		{DEF880A9-C41D-4C06-B67A-25F67E7C1197}.Release|Any CPU.Build.0 = Release|Any CPU
		{58EE975F-A6B1-4B13-A837-6B366870612E}.Debug|Any CPU.ActiveCfg = Debug|Any CPU
		{58EE975F-A6B1-4B13-A837-6B366870612E}.Debug|Any CPU.Build.0 = Debug|Any CPU
		{58EE975F-A6B1-4B13-A837-6B366870612E}.Release|Any CPU.ActiveCfg = Release|Any CPU
		{58EE975F-A6B1-4B13-A837-6B366870612E}.Release|Any CPU.Build.0 = Release|Any CPU
		{E2C6EA50-1E0C-45C3-86E4-FE103436DF00}.Debug|Any CPU.ActiveCfg = Debug|Any CPU
		{E2C6EA50-1E0C-45C3-86E4-FE103436DF00}.Debug|Any CPU.Build.0 = Debug|Any CPU
		{E2C6EA50-1E0C-45C3-86E4-FE103436DF00}.Release|Any CPU.ActiveCfg = Release|Any CPU
		{E2C6EA50-1E0C-45C3-86E4-FE103436DF00}.Release|Any CPU.Build.0 = Release|Any CPU
		{668184B2-0A5D-4F87-B575-C0958A66B5A0}.Debug|Any CPU.ActiveCfg = Debug|Any CPU
		{668184B2-0A5D-4F87-B575-C0958A66B5A0}.Debug|Any CPU.Build.0 = Debug|Any CPU
		{668184B2-0A5D-4F87-B575-C0958A66B5A0}.Release|Any CPU.ActiveCfg = Release|Any CPU
		{668184B2-0A5D-4F87-B575-C0958A66B5A0}.Release|Any CPU.Build.0 = Release|Any CPU
		{A84D3E4E-463F-4D87-9D84-412C24BFF24B}.Debug|Any CPU.ActiveCfg = Debug|Any CPU
		{A84D3E4E-463F-4D87-9D84-412C24BFF24B}.Debug|Any CPU.Build.0 = Debug|Any CPU
		{A84D3E4E-463F-4D87-9D84-412C24BFF24B}.Release|Any CPU.ActiveCfg = Release|Any CPU
		{A84D3E4E-463F-4D87-9D84-412C24BFF24B}.Release|Any CPU.Build.0 = Release|Any CPU
		{C78FC3C7-E81C-4669-91F6-B46A2E7B9F0F}.Debug|Any CPU.ActiveCfg = Debug|Any CPU
		{C78FC3C7-E81C-4669-91F6-B46A2E7B9F0F}.Debug|Any CPU.Build.0 = Debug|Any CPU
		{C78FC3C7-E81C-4669-91F6-B46A2E7B9F0F}.Release|Any CPU.ActiveCfg = Release|Any CPU
		{C78FC3C7-E81C-4669-91F6-B46A2E7B9F0F}.Release|Any CPU.Build.0 = Release|Any CPU
		{E340D709-A34E-4504-8672-CD64B7BFCD58}.Debug|Any CPU.ActiveCfg = Debug|Any CPU
		{E340D709-A34E-4504-8672-CD64B7BFCD58}.Debug|Any CPU.Build.0 = Debug|Any CPU
		{E340D709-A34E-4504-8672-CD64B7BFCD58}.Release|Any CPU.ActiveCfg = Release|Any CPU
		{E340D709-A34E-4504-8672-CD64B7BFCD58}.Release|Any CPU.Build.0 = Release|Any CPU
	EndGlobalSection
	GlobalSection(SolutionProperties) = preSolution
		HideSolutionNode = FALSE
	EndGlobalSection
	GlobalSection(ExtensibilityGlobals) = postSolution
		SolutionGuid = {844E7CE6-8C00-4A89-B795-2B8875382C0F}
	EndGlobalSection
EndGlobal
